// !$*UTF8*$!
{
	archiveVersion = 1;
	classes = {
	};
	objectVersion = 50;
	objects = {

/* Begin PBXBuildFile section */
		15394B0D25B261FF00643877 /* PopulateStatusView.swift in Sources */ = {isa = PBXBuildFile; fileRef = 15394B0C25B261FF00643877 /* PopulateStatusView.swift */; };
		15394B0E25B261FF00643877 /* PopulateStatusView.swift in Sources */ = {isa = PBXBuildFile; fileRef = 15394B0C25B261FF00643877 /* PopulateStatusView.swift */; };
		1542672B25B72518007210DD /* StatusModifier.swift in Sources */ = {isa = PBXBuildFile; fileRef = 1542672A25B72518007210DD /* StatusModifier.swift */; };
		1542672C25B72518007210DD /* StatusModifier.swift in Sources */ = {isa = PBXBuildFile; fileRef = 1542672A25B72518007210DD /* StatusModifier.swift */; };
		1542673225B726B8007210DD /* ForwardButtonView.swift in Sources */ = {isa = PBXBuildFile; fileRef = 1542673125B726B8007210DD /* ForwardButtonView.swift */; };
		1542673325B726B8007210DD /* ForwardButtonView.swift in Sources */ = {isa = PBXBuildFile; fileRef = 1542673125B726B8007210DD /* ForwardButtonView.swift */; };
		1566E59425B3ACE800C14957 /* LibraryLogic.swift in Sources */ = {isa = PBXBuildFile; fileRef = 1566E59325B3ACE800C14957 /* LibraryLogic.swift */; };
		1566E59525B3ACE800C14957 /* LibraryLogic.swift in Sources */ = {isa = PBXBuildFile; fileRef = 1566E59325B3ACE800C14957 /* LibraryLogic.swift */; };
		1576ABDD25B4990300A62DBB /* OutcomeView.swift in Sources */ = {isa = PBXBuildFile; fileRef = 1576ABDC25B4990300A62DBB /* OutcomeView.swift */; };
		1576ABDE25B4990300A62DBB /* OutcomeView.swift in Sources */ = {isa = PBXBuildFile; fileRef = 1576ABDC25B4990300A62DBB /* OutcomeView.swift */; };
		1587069B25ADB99A0011F155 /* Library.swift in Sources */ = {isa = PBXBuildFile; fileRef = 1587069825ADB99A0011F155 /* Library.swift */; };
		1587069C25ADB99A0011F155 /* Library.swift in Sources */ = {isa = PBXBuildFile; fileRef = 1587069825ADB99A0011F155 /* Library.swift */; };
		1587069D25ADB99A0011F155 /* GameLogic.swift in Sources */ = {isa = PBXBuildFile; fileRef = 1587069925ADB99A0011F155 /* GameLogic.swift */; };
		1587069E25ADB99A0011F155 /* GameLogic.swift in Sources */ = {isa = PBXBuildFile; fileRef = 1587069925ADB99A0011F155 /* GameLogic.swift */; };
		1587069F25ADB99A0011F155 /* GameDefinitions.swift in Sources */ = {isa = PBXBuildFile; fileRef = 1587069A25ADB99A0011F155 /* GameDefinitions.swift */; };
		158706A025ADB99A0011F155 /* GameDefinitions.swift in Sources */ = {isa = PBXBuildFile; fileRef = 1587069A25ADB99A0011F155 /* GameDefinitions.swift */; };
		158706AE25ADB9BB0011F155 /* HiddenModifier.swift in Sources */ = {isa = PBXBuildFile; fileRef = 158706A325ADB9BB0011F155 /* HiddenModifier.swift */; };
		158706AF25ADB9BB0011F155 /* HiddenModifier.swift in Sources */ = {isa = PBXBuildFile; fileRef = 158706A325ADB9BB0011F155 /* HiddenModifier.swift */; };
		158706B025ADB9BB0011F155 /* GridView.swift in Sources */ = {isa = PBXBuildFile; fileRef = 158706A425ADB9BB0011F155 /* GridView.swift */; };
		158706B125ADB9BB0011F155 /* GridView.swift in Sources */ = {isa = PBXBuildFile; fileRef = 158706A425ADB9BB0011F155 /* GridView.swift */; };
		158706B225ADB9BB0011F155 /* TrainingView.swift in Sources */ = {isa = PBXBuildFile; fileRef = 158706A525ADB9BB0011F155 /* TrainingView.swift */; };
		158706B325ADB9BB0011F155 /* TrainingView.swift in Sources */ = {isa = PBXBuildFile; fileRef = 158706A525ADB9BB0011F155 /* TrainingView.swift */; };
		158706B425ADB9BB0011F155 /* PieceButtonView.swift in Sources */ = {isa = PBXBuildFile; fileRef = 158706A625ADB9BB0011F155 /* PieceButtonView.swift */; };
		158706B525ADB9BB0011F155 /* PieceButtonView.swift in Sources */ = {isa = PBXBuildFile; fileRef = 158706A625ADB9BB0011F155 /* PieceButtonView.swift */; };
		158706B625ADB9BB0011F155 /* PieceImageView.swift in Sources */ = {isa = PBXBuildFile; fileRef = 158706A725ADB9BB0011F155 /* PieceImageView.swift */; };
		158706B725ADB9BB0011F155 /* PieceImageView.swift in Sources */ = {isa = PBXBuildFile; fileRef = 158706A725ADB9BB0011F155 /* PieceImageView.swift */; };
		158706B825ADB9BB0011F155 /* PlayingStatusView.swift in Sources */ = {isa = PBXBuildFile; fileRef = 158706A825ADB9BB0011F155 /* PlayingStatusView.swift */; };
		158706B925ADB9BB0011F155 /* PlayingStatusView.swift in Sources */ = {isa = PBXBuildFile; fileRef = 158706A825ADB9BB0011F155 /* PlayingStatusView.swift */; };
		158706BA25ADB9BB0011F155 /* WinnerStatusView.swift in Sources */ = {isa = PBXBuildFile; fileRef = 158706A925ADB9BB0011F155 /* WinnerStatusView.swift */; };
		158706BB25ADB9BB0011F155 /* WinnerStatusView.swift in Sources */ = {isa = PBXBuildFile; fileRef = 158706A925ADB9BB0011F155 /* WinnerStatusView.swift */; };
		158706BC25ADB9BB0011F155 /* GameView.swift in Sources */ = {isa = PBXBuildFile; fileRef = 158706AA25ADB9BB0011F155 /* GameView.swift */; };
		158706BD25ADB9BB0011F155 /* GameView.swift in Sources */ = {isa = PBXBuildFile; fileRef = 158706AA25ADB9BB0011F155 /* GameView.swift */; };
		158706BE25ADB9BB0011F155 /* StatusView.swift in Sources */ = {isa = PBXBuildFile; fileRef = 158706AB25ADB9BB0011F155 /* StatusView.swift */; };
		158706BF25ADB9BB0011F155 /* StatusView.swift in Sources */ = {isa = PBXBuildFile; fileRef = 158706AB25ADB9BB0011F155 /* StatusView.swift */; };
		158706C025ADB9BB0011F155 /* GameSelectionView.swift in Sources */ = {isa = PBXBuildFile; fileRef = 158706AC25ADB9BB0011F155 /* GameSelectionView.swift */; };
		158706C125ADB9BB0011F155 /* GameSelectionView.swift in Sources */ = {isa = PBXBuildFile; fileRef = 158706AC25ADB9BB0011F155 /* GameSelectionView.swift */; };
		158706C225ADB9BB0011F155 /* PiecesView.swift in Sources */ = {isa = PBXBuildFile; fileRef = 158706AD25ADB9BB0011F155 /* PiecesView.swift */; };
		158706C325ADB9BB0011F155 /* PiecesView.swift in Sources */ = {isa = PBXBuildFile; fileRef = 158706AD25ADB9BB0011F155 /* PiecesView.swift */; };
		15A0162325B500D2007074C8 /* BackButtonView.swift in Sources */ = {isa = PBXBuildFile; fileRef = 15A0162225B500D2007074C8 /* BackButtonView.swift */; };
		15A0162425B500D2007074C8 /* BackButtonView.swift in Sources */ = {isa = PBXBuildFile; fileRef = 15A0162225B500D2007074C8 /* BackButtonView.swift */; };
		15A8654F25B0B0E300B4F239 /* ScoresView.swift in Sources */ = {isa = PBXBuildFile; fileRef = 15A8654E25B0B0E300B4F239 /* ScoresView.swift */; };
		15A8655025B0B0E300B4F239 /* ScoresView.swift in Sources */ = {isa = PBXBuildFile; fileRef = 15A8654E25B0B0E300B4F239 /* ScoresView.swift */; };
		15A8655625B0B73C00B4F239 /* ScoreModifier.swift in Sources */ = {isa = PBXBuildFile; fileRef = 15A8655525B0B73C00B4F239 /* ScoreModifier.swift */; };
		15A8655725B0B73C00B4F239 /* ScoreModifier.swift in Sources */ = {isa = PBXBuildFile; fileRef = 15A8655525B0B73C00B4F239 /* ScoreModifier.swift */; };
		15A8655D25B0BE7600B4F239 /* PlayingView.swift in Sources */ = {isa = PBXBuildFile; fileRef = 15A8655C25B0BE7600B4F239 /* PlayingView.swift */; };
		15A8655E25B0BE7600B4F239 /* PlayingView.swift in Sources */ = {isa = PBXBuildFile; fileRef = 15A8655C25B0BE7600B4F239 /* PlayingView.swift */; };
		15AE172925B10CF900BDD663 /* CounterTextView.swift in Sources */ = {isa = PBXBuildFile; fileRef = 15AE172825B10CF900BDD663 /* CounterTextView.swift */; };
		15AE172A25B10CF900BDD663 /* CounterTextView.swift in Sources */ = {isa = PBXBuildFile; fileRef = 15AE172825B10CF900BDD663 /* CounterTextView.swift */; };
		15E2791E25ADB65A00222A42 /* Tic_Tac_ToeApp.swift in Sources */ = {isa = PBXBuildFile; fileRef = 15E2790B25ADB65900222A42 /* Tic_Tac_ToeApp.swift */; };
		15E2791F25ADB65A00222A42 /* Tic_Tac_ToeApp.swift in Sources */ = {isa = PBXBuildFile; fileRef = 15E2790B25ADB65900222A42 /* Tic_Tac_ToeApp.swift */; };
		15E2792225ADB65A00222A42 /* Assets.xcassets in Resources */ = {isa = PBXBuildFile; fileRef = 15E2790D25ADB65A00222A42 /* Assets.xcassets */; };
		15E2792325ADB65A00222A42 /* Assets.xcassets in Resources */ = {isa = PBXBuildFile; fileRef = 15E2790D25ADB65A00222A42 /* Assets.xcassets */; };
		15E9571625ADEF270001D26B /* Device.swift in Sources */ = {isa = PBXBuildFile; fileRef = 15E9571525ADEF270001D26B /* Device.swift */; };
		15E9571725ADEF270001D26B /* Device.swift in Sources */ = {isa = PBXBuildFile; fileRef = 15E9571525ADEF270001D26B /* Device.swift */; };
		15E9571F25ADFA080001D26B /* GameButtonsView.swift in Sources */ = {isa = PBXBuildFile; fileRef = 15E9571E25ADFA080001D26B /* GameButtonsView.swift */; };
		15E9572025ADFA080001D26B /* GameButtonsView.swift in Sources */ = {isa = PBXBuildFile; fileRef = 15E9571E25ADFA080001D26B /* GameButtonsView.swift */; };
		15E9572625ADFD840001D26B /* DummyPicker.swift in Sources */ = {isa = PBXBuildFile; fileRef = 15E9572525ADFD840001D26B /* DummyPicker.swift */; };
		15E9572725ADFD840001D26B /* DummyPicker.swift in Sources */ = {isa = PBXBuildFile; fileRef = 15E9572525ADFD840001D26B /* DummyPicker.swift */; };
/* End PBXBuildFile section */

/* Begin PBXFileReference section */
		15394B0C25B261FF00643877 /* PopulateStatusView.swift */ = {isa = PBXFileReference; lastKnownFileType = sourcecode.swift; path = PopulateStatusView.swift; sourceTree = "<group>"; };
		1542672A25B72518007210DD /* StatusModifier.swift */ = {isa = PBXFileReference; lastKnownFileType = sourcecode.swift; path = StatusModifier.swift; sourceTree = "<group>"; };
		1542673125B726B8007210DD /* ForwardButtonView.swift */ = {isa = PBXFileReference; lastKnownFileType = sourcecode.swift; path = ForwardButtonView.swift; sourceTree = "<group>"; };
		1566E59325B3ACE800C14957 /* LibraryLogic.swift */ = {isa = PBXFileReference; lastKnownFileType = sourcecode.swift; path = LibraryLogic.swift; sourceTree = "<group>"; };
		1576ABDC25B4990300A62DBB /* OutcomeView.swift */ = {isa = PBXFileReference; lastKnownFileType = sourcecode.swift; path = OutcomeView.swift; sourceTree = "<group>"; };
		1587069825ADB99A0011F155 /* Library.swift */ = {isa = PBXFileReference; fileEncoding = 4; lastKnownFileType = sourcecode.swift; path = Library.swift; sourceTree = "<group>"; };
		1587069925ADB99A0011F155 /* GameLogic.swift */ = {isa = PBXFileReference; fileEncoding = 4; lastKnownFileType = sourcecode.swift; path = GameLogic.swift; sourceTree = "<group>"; };
		1587069A25ADB99A0011F155 /* GameDefinitions.swift */ = {isa = PBXFileReference; fileEncoding = 4; lastKnownFileType = sourcecode.swift; path = GameDefinitions.swift; sourceTree = "<group>"; };
		158706A325ADB9BB0011F155 /* HiddenModifier.swift */ = {isa = PBXFileReference; fileEncoding = 4; lastKnownFileType = sourcecode.swift; path = HiddenModifier.swift; sourceTree = "<group>"; };
		158706A425ADB9BB0011F155 /* GridView.swift */ = {isa = PBXFileReference; fileEncoding = 4; lastKnownFileType = sourcecode.swift; path = GridView.swift; sourceTree = "<group>"; };
		158706A525ADB9BB0011F155 /* TrainingView.swift */ = {isa = PBXFileReference; fileEncoding = 4; lastKnownFileType = sourcecode.swift; path = TrainingView.swift; sourceTree = "<group>"; };
		158706A625ADB9BB0011F155 /* PieceButtonView.swift */ = {isa = PBXFileReference; fileEncoding = 4; lastKnownFileType = sourcecode.swift; path = PieceButtonView.swift; sourceTree = "<group>"; };
		158706A725ADB9BB0011F155 /* PieceImageView.swift */ = {isa = PBXFileReference; fileEncoding = 4; lastKnownFileType = sourcecode.swift; path = PieceImageView.swift; sourceTree = "<group>"; };
		158706A825ADB9BB0011F155 /* PlayingStatusView.swift */ = {isa = PBXFileReference; fileEncoding = 4; lastKnownFileType = sourcecode.swift; path = PlayingStatusView.swift; sourceTree = "<group>"; };
		158706A925ADB9BB0011F155 /* WinnerStatusView.swift */ = {isa = PBXFileReference; fileEncoding = 4; lastKnownFileType = sourcecode.swift; path = WinnerStatusView.swift; sourceTree = "<group>"; };
		158706AA25ADB9BB0011F155 /* GameView.swift */ = {isa = PBXFileReference; fileEncoding = 4; lastKnownFileType = sourcecode.swift; path = GameView.swift; sourceTree = "<group>"; };
		158706AB25ADB9BB0011F155 /* StatusView.swift */ = {isa = PBXFileReference; fileEncoding = 4; lastKnownFileType = sourcecode.swift; path = StatusView.swift; sourceTree = "<group>"; };
		158706AC25ADB9BB0011F155 /* GameSelectionView.swift */ = {isa = PBXFileReference; fileEncoding = 4; lastKnownFileType = sourcecode.swift; path = GameSelectionView.swift; sourceTree = "<group>"; };
		158706AD25ADB9BB0011F155 /* PiecesView.swift */ = {isa = PBXFileReference; fileEncoding = 4; lastKnownFileType = sourcecode.swift; path = PiecesView.swift; sourceTree = "<group>"; };
		15A0162225B500D2007074C8 /* BackButtonView.swift */ = {isa = PBXFileReference; lastKnownFileType = sourcecode.swift; path = BackButtonView.swift; sourceTree = "<group>"; };
		15A8654E25B0B0E300B4F239 /* ScoresView.swift */ = {isa = PBXFileReference; lastKnownFileType = sourcecode.swift; path = ScoresView.swift; sourceTree = "<group>"; };
		15A8655525B0B73C00B4F239 /* ScoreModifier.swift */ = {isa = PBXFileReference; lastKnownFileType = sourcecode.swift; path = ScoreModifier.swift; sourceTree = "<group>"; };
		15A8655C25B0BE7600B4F239 /* PlayingView.swift */ = {isa = PBXFileReference; lastKnownFileType = sourcecode.swift; path = PlayingView.swift; sourceTree = "<group>"; };
		15AE172825B10CF900BDD663 /* CounterTextView.swift */ = {isa = PBXFileReference; lastKnownFileType = sourcecode.swift; path = CounterTextView.swift; sourceTree = "<group>"; };
		15E2790B25ADB65900222A42 /* Tic_Tac_ToeApp.swift */ = {isa = PBXFileReference; lastKnownFileType = sourcecode.swift; path = Tic_Tac_ToeApp.swift; sourceTree = "<group>"; };
		15E2790D25ADB65A00222A42 /* Assets.xcassets */ = {isa = PBXFileReference; lastKnownFileType = folder.assetcatalog; path = Assets.xcassets; sourceTree = "<group>"; };
		15E2791225ADB65A00222A42 /* Tic Tac Toe.app */ = {isa = PBXFileReference; explicitFileType = wrapper.application; includeInIndex = 0; path = "Tic Tac Toe.app"; sourceTree = BUILT_PRODUCTS_DIR; };
		15E2791525ADB65A00222A42 /* Info.plist */ = {isa = PBXFileReference; lastKnownFileType = text.plist.xml; path = Info.plist; sourceTree = "<group>"; };
		15E2791A25ADB65A00222A42 /* Tic Tac Toe.app */ = {isa = PBXFileReference; explicitFileType = wrapper.application; includeInIndex = 0; path = "Tic Tac Toe.app"; sourceTree = BUILT_PRODUCTS_DIR; };
		15E2791C25ADB65A00222A42 /* Info.plist */ = {isa = PBXFileReference; lastKnownFileType = text.plist.xml; path = Info.plist; sourceTree = "<group>"; };
		15E2791D25ADB65A00222A42 /* macOS.entitlements */ = {isa = PBXFileReference; lastKnownFileType = text.plist.entitlements; path = macOS.entitlements; sourceTree = "<group>"; };
		15E9571525ADEF270001D26B /* Device.swift */ = {isa = PBXFileReference; lastKnownFileType = sourcecode.swift; path = Device.swift; sourceTree = "<group>"; };
		15E9571E25ADFA080001D26B /* GameButtonsView.swift */ = {isa = PBXFileReference; lastKnownFileType = sourcecode.swift; path = GameButtonsView.swift; sourceTree = "<group>"; };
		15E9572525ADFD840001D26B /* DummyPicker.swift */ = {isa = PBXFileReference; lastKnownFileType = sourcecode.swift; path = DummyPicker.swift; sourceTree = "<group>"; };
/* End PBXFileReference section */

/* Begin PBXFrameworksBuildPhase section */
		15E2790F25ADB65A00222A42 /* Frameworks */ = {
			isa = PBXFrameworksBuildPhase;
			buildActionMask = 2147483647;
			files = (
			);
			runOnlyForDeploymentPostprocessing = 0;
		};
		15E2791725ADB65A00222A42 /* Frameworks */ = {
			isa = PBXFrameworksBuildPhase;
			buildActionMask = 2147483647;
			files = (
			);
			runOnlyForDeploymentPostprocessing = 0;
		};
/* End PBXFrameworksBuildPhase section */

/* Begin PBXGroup section */
		156765B225ADB798002BACC9 /* Views */ = {
			isa = PBXGroup;
			children = (
				158706AA25ADB9BB0011F155 /* GameView.swift */,
				158706A425ADB9BB0011F155 /* GridView.swift */,
				158706AD25ADB9BB0011F155 /* PiecesView.swift */,
				158706A625ADB9BB0011F155 /* PieceButtonView.swift */,
				158706A725ADB9BB0011F155 /* PieceImageView.swift */,
				15A8654E25B0B0E300B4F239 /* ScoresView.swift */,
				1576ABDC25B4990300A62DBB /* OutcomeView.swift */,
				158706AB25ADB9BB0011F155 /* StatusView.swift */,
				15A0162225B500D2007074C8 /* BackButtonView.swift */,
				1542673125B726B8007210DD /* ForwardButtonView.swift */,
				158706A825ADB9BB0011F155 /* PlayingStatusView.swift */,
				158706A925ADB9BB0011F155 /* WinnerStatusView.swift */,
				15394B0C25B261FF00643877 /* PopulateStatusView.swift */,
				158706AC25ADB9BB0011F155 /* GameSelectionView.swift */,
				15E9571E25ADFA080001D26B /* GameButtonsView.swift */,
				158706A525ADB9BB0011F155 /* TrainingView.swift */,
				15AE172825B10CF900BDD663 /* CounterTextView.swift */,
				15A8655C25B0BE7600B4F239 /* PlayingView.swift */,
				15AE172F25B10EA600BDD663 /* Modifiers */,
				15AE173025B10EB000BDD663 /* Dummies */,
			);
			name = Views;
			sourceTree = "<group>";
		};
		15AE172F25B10EA600BDD663 /* Modifiers */ = {
			isa = PBXGroup;
			children = (
				158706A325ADB9BB0011F155 /* HiddenModifier.swift */,
				1542672A25B72518007210DD /* StatusModifier.swift */,
				15A8655525B0B73C00B4F239 /* ScoreModifier.swift */,
			);
			name = Modifiers;
			sourceTree = "<group>";
		};
		15AE173025B10EB000BDD663 /* Dummies */ = {
			isa = PBXGroup;
			children = (
				15E9572525ADFD840001D26B /* DummyPicker.swift */,
			);
			name = Dummies;
			sourceTree = "<group>";
		};
		15E2790525ADB65800222A42 = {
			isa = PBXGroup;
			children = (
				15E2790A25ADB65900222A42 /* Shared */,
				15E2791425ADB65A00222A42 /* iOS */,
				15E2791B25ADB65A00222A42 /* macOS */,
				15E2791325ADB65A00222A42 /* Products */,
			);
			sourceTree = "<group>";
		};
		15E2790A25ADB65900222A42 /* Shared */ = {
			isa = PBXGroup;
			children = (
				15E2790B25ADB65900222A42 /* Tic_Tac_ToeApp.swift */,
				15E9571525ADEF270001D26B /* Device.swift */,
				156765B225ADB798002BACC9 /* Views */,
				1587069A25ADB99A0011F155 /* GameDefinitions.swift */,
				1587069925ADB99A0011F155 /* GameLogic.swift */,
				1587069825ADB99A0011F155 /* Library.swift */,
				1566E59325B3ACE800C14957 /* LibraryLogic.swift */,
				15E2790D25ADB65A00222A42 /* Assets.xcassets */,
			);
			path = Shared;
			sourceTree = "<group>";
		};
		15E2791325ADB65A00222A42 /* Products */ = {
			isa = PBXGroup;
			children = (
				15E2791225ADB65A00222A42 /* Tic Tac Toe.app */,
				15E2791A25ADB65A00222A42 /* Tic Tac Toe.app */,
			);
			name = Products;
			sourceTree = "<group>";
		};
		15E2791425ADB65A00222A42 /* iOS */ = {
			isa = PBXGroup;
			children = (
				15E2791525ADB65A00222A42 /* Info.plist */,
			);
			path = iOS;
			sourceTree = "<group>";
		};
		15E2791B25ADB65A00222A42 /* macOS */ = {
			isa = PBXGroup;
			children = (
				15E2791C25ADB65A00222A42 /* Info.plist */,
				15E2791D25ADB65A00222A42 /* macOS.entitlements */,
			);
			path = macOS;
			sourceTree = "<group>";
		};
/* End PBXGroup section */

/* Begin PBXNativeTarget section */
		15E2791125ADB65A00222A42 /* Tic Tac Toe (iOS) */ = {
			isa = PBXNativeTarget;
			buildConfigurationList = 15E2792625ADB65A00222A42 /* Build configuration list for PBXNativeTarget "Tic Tac Toe (iOS)" */;
			buildPhases = (
				15E2790E25ADB65A00222A42 /* Sources */,
				15E2790F25ADB65A00222A42 /* Frameworks */,
				15E2791025ADB65A00222A42 /* Resources */,
			);
			buildRules = (
			);
			dependencies = (
			);
			name = "Tic Tac Toe (iOS)";
			productName = "Tic Tac Toe (iOS)";
			productReference = 15E2791225ADB65A00222A42 /* Tic Tac Toe.app */;
			productType = "com.apple.product-type.application";
		};
		15E2791925ADB65A00222A42 /* Tic Tac Toe (macOS) */ = {
			isa = PBXNativeTarget;
			buildConfigurationList = 15E2792925ADB65A00222A42 /* Build configuration list for PBXNativeTarget "Tic Tac Toe (macOS)" */;
			buildPhases = (
				15E2791625ADB65A00222A42 /* Sources */,
				15E2791725ADB65A00222A42 /* Frameworks */,
				15E2791825ADB65A00222A42 /* Resources */,
			);
			buildRules = (
			);
			dependencies = (
			);
			name = "Tic Tac Toe (macOS)";
			productName = "Tic Tac Toe (macOS)";
			productReference = 15E2791A25ADB65A00222A42 /* Tic Tac Toe.app */;
			productType = "com.apple.product-type.application";
		};
/* End PBXNativeTarget section */

/* Begin PBXProject section */
		15E2790625ADB65800222A42 /* Project object */ = {
			isa = PBXProject;
			attributes = {
				LastSwiftUpdateCheck = 1230;
				LastUpgradeCheck = 1230;
				TargetAttributes = {
					15E2791125ADB65A00222A42 = {
						CreatedOnToolsVersion = 12.3;
					};
					15E2791925ADB65A00222A42 = {
						CreatedOnToolsVersion = 12.3;
					};
				};
			};
			buildConfigurationList = 15E2790925ADB65800222A42 /* Build configuration list for PBXProject "Tic Tac Toe" */;
			compatibilityVersion = "Xcode 9.3";
			developmentRegion = en;
			hasScannedForEncodings = 0;
			knownRegions = (
				en,
				Base,
			);
			mainGroup = 15E2790525ADB65800222A42;
			productRefGroup = 15E2791325ADB65A00222A42 /* Products */;
			projectDirPath = "";
			projectRoot = "";
			targets = (
				15E2791125ADB65A00222A42 /* Tic Tac Toe (iOS) */,
				15E2791925ADB65A00222A42 /* Tic Tac Toe (macOS) */,
			);
		};
/* End PBXProject section */

/* Begin PBXResourcesBuildPhase section */
		15E2791025ADB65A00222A42 /* Resources */ = {
			isa = PBXResourcesBuildPhase;
			buildActionMask = 2147483647;
			files = (
				15E2792225ADB65A00222A42 /* Assets.xcassets in Resources */,
			);
			runOnlyForDeploymentPostprocessing = 0;
		};
		15E2791825ADB65A00222A42 /* Resources */ = {
			isa = PBXResourcesBuildPhase;
			buildActionMask = 2147483647;
			files = (
				15E2792325ADB65A00222A42 /* Assets.xcassets in Resources */,
			);
			runOnlyForDeploymentPostprocessing = 0;
		};
/* End PBXResourcesBuildPhase section */

/* Begin PBXSourcesBuildPhase section */
		15E2790E25ADB65A00222A42 /* Sources */ = {
			isa = PBXSourcesBuildPhase;
			buildActionMask = 2147483647;
			files = (
				158706C225ADB9BB0011F155 /* PiecesView.swift in Sources */,
				1587069D25ADB99A0011F155 /* GameLogic.swift in Sources */,
				15A0162325B500D2007074C8 /* BackButtonView.swift in Sources */,
				158706BE25ADB9BB0011F155 /* StatusView.swift in Sources */,
				158706B625ADB9BB0011F155 /* PieceImageView.swift in Sources */,
				158706BA25ADB9BB0011F155 /* WinnerStatusView.swift in Sources */,
				158706C025ADB9BB0011F155 /* GameSelectionView.swift in Sources */,
				15AE172925B10CF900BDD663 /* CounterTextView.swift in Sources */,
				1587069B25ADB99A0011F155 /* Library.swift in Sources */,
				15E9572625ADFD840001D26B /* DummyPicker.swift in Sources */,
				1576ABDD25B4990300A62DBB /* OutcomeView.swift in Sources */,
				15E9571625ADEF270001D26B /* Device.swift in Sources */,
				15A8655D25B0BE7600B4F239 /* PlayingView.swift in Sources */,
				158706B825ADB9BB0011F155 /* PlayingStatusView.swift in Sources */,
				158706B225ADB9BB0011F155 /* TrainingView.swift in Sources */,
				15E2791E25ADB65A00222A42 /* Tic_Tac_ToeApp.swift in Sources */,
				158706AE25ADB9BB0011F155 /* HiddenModifier.swift in Sources */,
				1542673225B726B8007210DD /* ForwardButtonView.swift in Sources */,
				15394B0D25B261FF00643877 /* PopulateStatusView.swift in Sources */,
				158706B425ADB9BB0011F155 /* PieceButtonView.swift in Sources */,
				15E9571F25ADFA080001D26B /* GameButtonsView.swift in Sources */,
				15A8654F25B0B0E300B4F239 /* ScoresView.swift in Sources */,
				1542672B25B72518007210DD /* StatusModifier.swift in Sources */,
				158706B025ADB9BB0011F155 /* GridView.swift in Sources */,
				15A8655625B0B73C00B4F239 /* ScoreModifier.swift in Sources */,
				1566E59425B3ACE800C14957 /* LibraryLogic.swift in Sources */,
				158706BC25ADB9BB0011F155 /* GameView.swift in Sources */,
				1587069F25ADB99A0011F155 /* GameDefinitions.swift in Sources */,
			);
			runOnlyForDeploymentPostprocessing = 0;
		};
		15E2791625ADB65A00222A42 /* Sources */ = {
			isa = PBXSourcesBuildPhase;
			buildActionMask = 2147483647;
			files = (
				158706C325ADB9BB0011F155 /* PiecesView.swift in Sources */,
				1587069E25ADB99A0011F155 /* GameLogic.swift in Sources */,
				15A0162425B500D2007074C8 /* BackButtonView.swift in Sources */,
				158706BF25ADB9BB0011F155 /* StatusView.swift in Sources */,
				158706B725ADB9BB0011F155 /* PieceImageView.swift in Sources */,
				158706BB25ADB9BB0011F155 /* WinnerStatusView.swift in Sources */,
				158706C125ADB9BB0011F155 /* GameSelectionView.swift in Sources */,
				15AE172A25B10CF900BDD663 /* CounterTextView.swift in Sources */,
				1587069C25ADB99A0011F155 /* Library.swift in Sources */,
				15E9572725ADFD840001D26B /* DummyPicker.swift in Sources */,
				1576ABDE25B4990300A62DBB /* OutcomeView.swift in Sources */,
				15E9571725ADEF270001D26B /* Device.swift in Sources */,
				15A8655E25B0BE7600B4F239 /* PlayingView.swift in Sources */,
				158706B925ADB9BB0011F155 /* PlayingStatusView.swift in Sources */,
				158706B325ADB9BB0011F155 /* TrainingView.swift in Sources */,
				15E2791F25ADB65A00222A42 /* Tic_Tac_ToeApp.swift in Sources */,
				158706AF25ADB9BB0011F155 /* HiddenModifier.swift in Sources */,
				1542673325B726B8007210DD /* ForwardButtonView.swift in Sources */,
				15394B0E25B261FF00643877 /* PopulateStatusView.swift in Sources */,
				158706B525ADB9BB0011F155 /* PieceButtonView.swift in Sources */,
				15E9572025ADFA080001D26B /* GameButtonsView.swift in Sources */,
				15A8655025B0B0E300B4F239 /* ScoresView.swift in Sources */,
				1542672C25B72518007210DD /* StatusModifier.swift in Sources */,
				158706B125ADB9BB0011F155 /* GridView.swift in Sources */,
				15A8655725B0B73C00B4F239 /* ScoreModifier.swift in Sources */,
				1566E59525B3ACE800C14957 /* LibraryLogic.swift in Sources */,
				158706BD25ADB9BB0011F155 /* GameView.swift in Sources */,
				158706A025ADB99A0011F155 /* GameDefinitions.swift in Sources */,
			);
			runOnlyForDeploymentPostprocessing = 0;
		};
/* End PBXSourcesBuildPhase section */

/* Begin XCBuildConfiguration section */
		15E2792425ADB65A00222A42 /* Debug */ = {
			isa = XCBuildConfiguration;
			buildSettings = {
				ALWAYS_SEARCH_USER_PATHS = NO;
				CLANG_ANALYZER_NONNULL = YES;
				CLANG_ANALYZER_NUMBER_OBJECT_CONVERSION = YES_AGGRESSIVE;
				CLANG_CXX_LANGUAGE_STANDARD = "gnu++14";
				CLANG_CXX_LIBRARY = "libc++";
				CLANG_ENABLE_MODULES = YES;
				CLANG_ENABLE_OBJC_ARC = YES;
				CLANG_ENABLE_OBJC_WEAK = YES;
				CLANG_WARN_BLOCK_CAPTURE_AUTORELEASING = YES;
				CLANG_WARN_BOOL_CONVERSION = YES;
				CLANG_WARN_COMMA = YES;
				CLANG_WARN_CONSTANT_CONVERSION = YES;
				CLANG_WARN_DEPRECATED_OBJC_IMPLEMENTATIONS = YES;
				CLANG_WARN_DIRECT_OBJC_ISA_USAGE = YES_ERROR;
				CLANG_WARN_DOCUMENTATION_COMMENTS = YES;
				CLANG_WARN_EMPTY_BODY = YES;
				CLANG_WARN_ENUM_CONVERSION = YES;
				CLANG_WARN_INFINITE_RECURSION = YES;
				CLANG_WARN_INT_CONVERSION = YES;
				CLANG_WARN_NON_LITERAL_NULL_CONVERSION = YES;
				CLANG_WARN_OBJC_IMPLICIT_RETAIN_SELF = YES;
				CLANG_WARN_OBJC_LITERAL_CONVERSION = YES;
				CLANG_WARN_OBJC_ROOT_CLASS = YES_ERROR;
				CLANG_WARN_QUOTED_INCLUDE_IN_FRAMEWORK_HEADER = YES;
				CLANG_WARN_RANGE_LOOP_ANALYSIS = YES;
				CLANG_WARN_STRICT_PROTOTYPES = YES;
				CLANG_WARN_SUSPICIOUS_MOVE = YES;
				CLANG_WARN_UNGUARDED_AVAILABILITY = YES_AGGRESSIVE;
				CLANG_WARN_UNREACHABLE_CODE = YES;
				CLANG_WARN__DUPLICATE_METHOD_MATCH = YES;
				COPY_PHASE_STRIP = NO;
				DEBUG_INFORMATION_FORMAT = dwarf;
				ENABLE_STRICT_OBJC_MSGSEND = YES;
				ENABLE_TESTABILITY = YES;
				GCC_C_LANGUAGE_STANDARD = gnu11;
				GCC_DYNAMIC_NO_PIC = NO;
				GCC_NO_COMMON_BLOCKS = YES;
				GCC_OPTIMIZATION_LEVEL = 0;
				GCC_PREPROCESSOR_DEFINITIONS = (
					"DEBUG=1",
					"$(inherited)",
				);
				GCC_WARN_64_TO_32_BIT_CONVERSION = YES;
				GCC_WARN_ABOUT_RETURN_TYPE = YES_ERROR;
				GCC_WARN_UNDECLARED_SELECTOR = YES;
				GCC_WARN_UNINITIALIZED_AUTOS = YES_AGGRESSIVE;
				GCC_WARN_UNUSED_FUNCTION = YES;
				GCC_WARN_UNUSED_VARIABLE = YES;
				MTL_ENABLE_DEBUG_INFO = INCLUDE_SOURCE;
				MTL_FAST_MATH = YES;
				ONLY_ACTIVE_ARCH = YES;
				SWIFT_ACTIVE_COMPILATION_CONDITIONS = DEBUG;
				SWIFT_OPTIMIZATION_LEVEL = "-Onone";
			};
			name = Debug;
		};
		15E2792525ADB65A00222A42 /* Release */ = {
			isa = XCBuildConfiguration;
			buildSettings = {
				ALWAYS_SEARCH_USER_PATHS = NO;
				CLANG_ANALYZER_NONNULL = YES;
				CLANG_ANALYZER_NUMBER_OBJECT_CONVERSION = YES_AGGRESSIVE;
				CLANG_CXX_LANGUAGE_STANDARD = "gnu++14";
				CLANG_CXX_LIBRARY = "libc++";
				CLANG_ENABLE_MODULES = YES;
				CLANG_ENABLE_OBJC_ARC = YES;
				CLANG_ENABLE_OBJC_WEAK = YES;
				CLANG_WARN_BLOCK_CAPTURE_AUTORELEASING = YES;
				CLANG_WARN_BOOL_CONVERSION = YES;
				CLANG_WARN_COMMA = YES;
				CLANG_WARN_CONSTANT_CONVERSION = YES;
				CLANG_WARN_DEPRECATED_OBJC_IMPLEMENTATIONS = YES;
				CLANG_WARN_DIRECT_OBJC_ISA_USAGE = YES_ERROR;
				CLANG_WARN_DOCUMENTATION_COMMENTS = YES;
				CLANG_WARN_EMPTY_BODY = YES;
				CLANG_WARN_ENUM_CONVERSION = YES;
				CLANG_WARN_INFINITE_RECURSION = YES;
				CLANG_WARN_INT_CONVERSION = YES;
				CLANG_WARN_NON_LITERAL_NULL_CONVERSION = YES;
				CLANG_WARN_OBJC_IMPLICIT_RETAIN_SELF = YES;
				CLANG_WARN_OBJC_LITERAL_CONVERSION = YES;
				CLANG_WARN_OBJC_ROOT_CLASS = YES_ERROR;
				CLANG_WARN_QUOTED_INCLUDE_IN_FRAMEWORK_HEADER = YES;
				CLANG_WARN_RANGE_LOOP_ANALYSIS = YES;
				CLANG_WARN_STRICT_PROTOTYPES = YES;
				CLANG_WARN_SUSPICIOUS_MOVE = YES;
				CLANG_WARN_UNGUARDED_AVAILABILITY = YES_AGGRESSIVE;
				CLANG_WARN_UNREACHABLE_CODE = YES;
				CLANG_WARN__DUPLICATE_METHOD_MATCH = YES;
				COPY_PHASE_STRIP = NO;
				DEBUG_INFORMATION_FORMAT = "dwarf-with-dsym";
				ENABLE_NS_ASSERTIONS = NO;
				ENABLE_STRICT_OBJC_MSGSEND = YES;
				GCC_C_LANGUAGE_STANDARD = gnu11;
				GCC_NO_COMMON_BLOCKS = YES;
				GCC_WARN_64_TO_32_BIT_CONVERSION = YES;
				GCC_WARN_ABOUT_RETURN_TYPE = YES_ERROR;
				GCC_WARN_UNDECLARED_SELECTOR = YES;
				GCC_WARN_UNINITIALIZED_AUTOS = YES_AGGRESSIVE;
				GCC_WARN_UNUSED_FUNCTION = YES;
				GCC_WARN_UNUSED_VARIABLE = YES;
				MTL_ENABLE_DEBUG_INFO = NO;
				MTL_FAST_MATH = YES;
				SWIFT_COMPILATION_MODE = wholemodule;
				SWIFT_OPTIMIZATION_LEVEL = "-O";
			};
			name = Release;
		};
		15E2792725ADB65A00222A42 /* Debug */ = {
			isa = XCBuildConfiguration;
			buildSettings = {
				ASSETCATALOG_COMPILER_APPICON_NAME = AppIcon;
				ASSETCATALOG_COMPILER_GLOBAL_ACCENT_COLOR_NAME = AccentColor;
				CODE_SIGN_STYLE = Automatic;
				DEVELOPMENT_TEAM = 9P8C6ZACEU;
				ENABLE_PREVIEWS = YES;
				INFOPLIST_FILE = iOS/Info.plist;
				IPHONEOS_DEPLOYMENT_TARGET = 14.0;
				LD_RUNPATH_SEARCH_PATHS = (
					"$(inherited)",
					"@executable_path/Frameworks",
				);
				PRODUCT_BUNDLE_IDENTIFIER = "com.jonathanhuston.Tic-Tac-Toe";
				PRODUCT_NAME = "Tic Tac Toe";
				SDKROOT = iphoneos;
				SWIFT_VERSION = 5.0;
				TARGETED_DEVICE_FAMILY = "1,2";
			};
			name = Debug;
		};
		15E2792825ADB65A00222A42 /* Release */ = {
			isa = XCBuildConfiguration;
			buildSettings = {
				ASSETCATALOG_COMPILER_APPICON_NAME = AppIcon;
				ASSETCATALOG_COMPILER_GLOBAL_ACCENT_COLOR_NAME = AccentColor;
				CODE_SIGN_STYLE = Automatic;
				DEVELOPMENT_TEAM = 9P8C6ZACEU;
				ENABLE_PREVIEWS = YES;
				INFOPLIST_FILE = iOS/Info.plist;
				IPHONEOS_DEPLOYMENT_TARGET = 14.0;
				LD_RUNPATH_SEARCH_PATHS = (
					"$(inherited)",
					"@executable_path/Frameworks",
				);
				PRODUCT_BUNDLE_IDENTIFIER = "com.jonathanhuston.Tic-Tac-Toe";
				PRODUCT_NAME = "Tic Tac Toe";
				SDKROOT = iphoneos;
				SWIFT_VERSION = 5.0;
				TARGETED_DEVICE_FAMILY = "1,2";
				VALIDATE_PRODUCT = YES;
			};
			name = Release;
		};
		15E2792A25ADB65A00222A42 /* Debug */ = {
			isa = XCBuildConfiguration;
			buildSettings = {
				ASSETCATALOG_COMPILER_APPICON_NAME = AppIcon;
				ASSETCATALOG_COMPILER_GLOBAL_ACCENT_COLOR_NAME = AccentColor;
				CODE_SIGN_ENTITLEMENTS = macOS/macOS.entitlements;
				CODE_SIGN_IDENTITY = "Apple Development";
				CODE_SIGN_STYLE = Automatic;
				COMBINE_HIDPI_IMAGES = YES;
				DEVELOPMENT_TEAM = 9P8C6ZACEU;
				ENABLE_HARDENED_RUNTIME = YES;
				ENABLE_PREVIEWS = YES;
				INFOPLIST_FILE = macOS/Info.plist;
				LD_RUNPATH_SEARCH_PATHS = (
					"$(inherited)",
					"@executable_path/../Frameworks",
				);
				MACOSX_DEPLOYMENT_TARGET = 11.0;
				PRODUCT_BUNDLE_IDENTIFIER = "com.jonathanhuston.Tic-Tac-Toe";
				PRODUCT_NAME = "Tic Tac Toe";
				SDKROOT = macosx;
				SWIFT_VERSION = 5.0;
			};
			name = Debug;
		};
		15E2792B25ADB65A00222A42 /* Release */ = {
			isa = XCBuildConfiguration;
			buildSettings = {
				ASSETCATALOG_COMPILER_APPICON_NAME = AppIcon;
				ASSETCATALOG_COMPILER_GLOBAL_ACCENT_COLOR_NAME = AccentColor;
				CODE_SIGN_ENTITLEMENTS = macOS/macOS.entitlements;
				CODE_SIGN_IDENTITY = "Apple Development";
				CODE_SIGN_STYLE = Automatic;
				COMBINE_HIDPI_IMAGES = YES;
				DEVELOPMENT_TEAM = 9P8C6ZACEU;
				ENABLE_HARDENED_RUNTIME = YES;
				ENABLE_PREVIEWS = YES;
				INFOPLIST_FILE = macOS/Info.plist;
				LD_RUNPATH_SEARCH_PATHS = (
					"$(inherited)",
					"@executable_path/../Frameworks",
				);
				MACOSX_DEPLOYMENT_TARGET = 11.0;
				PRODUCT_BUNDLE_IDENTIFIER = "com.jonathanhuston.Tic-Tac-Toe";
				PRODUCT_NAME = "Tic Tac Toe";
				SDKROOT = macosx;
				SWIFT_VERSION = 5.0;
			};
			name = Release;
		};
/* End XCBuildConfiguration section */

/* Begin XCConfigurationList section */
		15E2790925ADB65800222A42 /* Build configuration list for PBXProject "Tic Tac Toe" */ = {
			isa = XCConfigurationList;
			buildConfigurations = (
				15E2792425ADB65A00222A42 /* Debug */,
				15E2792525ADB65A00222A42 /* Release */,
			);
			defaultConfigurationIsVisible = 0;
			defaultConfigurationName = Release;
		};
		15E2792625ADB65A00222A42 /* Build configuration list for PBXNativeTarget "Tic Tac Toe (iOS)" */ = {
			isa = XCConfigurationList;
			buildConfigurations = (
				15E2792725ADB65A00222A42 /* Debug */,
				15E2792825ADB65A00222A42 /* Release */,
			);
			defaultConfigurationIsVisible = 0;
			defaultConfigurationName = Release;
		};
		15E2792925ADB65A00222A42 /* Build configuration list for PBXNativeTarget "Tic Tac Toe (macOS)" */ = {
			isa = XCConfigurationList;
			buildConfigurations = (
				15E2792A25ADB65A00222A42 /* Debug */,
				15E2792B25ADB65A00222A42 /* Release */,
			);
			defaultConfigurationIsVisible = 0;
			defaultConfigurationName = Release;
		};
/* End XCConfigurationList section */
	};
	rootObject = 15E2790625ADB65800222A42 /* Project object */;
}
