// !$*UTF8*$!
{
	archiveVersion = 1;
	classes = {
	};
	objectVersion = 50;
	objects = {

/* Begin PBXBuildFile section */
		15A51A9225AB07010070D0FB /* TicTacToeApp.swift in Sources */ = {isa = PBXBuildFile; fileRef = 15A51A9125AB07010070D0FB /* TicTacToeApp.swift */; };
		15A51A9425AB07020070D0FB /* ContentView.swift in Sources */ = {isa = PBXBuildFile; fileRef = 15A51A9325AB07020070D0FB /* ContentView.swift */; };
		15A51A9625AB07020070D0FB /* Assets.xcassets in Resources */ = {isa = PBXBuildFile; fileRef = 15A51A9525AB07020070D0FB /* Assets.xcassets */; };
		15A51A9925AB07020070D0FB /* Preview Assets.xcassets in Resources */ = {isa = PBXBuildFile; fileRef = 15A51A9825AB07020070D0FB /* Preview Assets.xcassets */; };
		15A51AA525AB075D0070D0FB /* GridView.swift in Sources */ = {isa = PBXBuildFile; fileRef = 15A51AA425AB075D0070D0FB /* GridView.swift */; };
		15A51AA925AB07C00070D0FB /* Board.swift in Sources */ = {isa = PBXBuildFile; fileRef = 15A51AA825AB07C00070D0FB /* Board.swift */; };
		15A51AAC25AB0AD10070D0FB /* GameLogic.swift in Sources */ = {isa = PBXBuildFile; fileRef = 15A51AAB25AB0AD10070D0FB /* GameLogic.swift */; };
		15A51AB025AB0E340070D0FB /* PiecesView.swift in Sources */ = {isa = PBXBuildFile; fileRef = 15A51AAF25AB0E340070D0FB /* PiecesView.swift */; };
		15A51AB825AB15040070D0FB /* SinglePieceView.swift in Sources */ = {isa = PBXBuildFile; fileRef = 15A51AB725AB15040070D0FB /* SinglePieceView.swift */; };
		15A51ABB25AB26380070D0FB /* GameView.swift in Sources */ = {isa = PBXBuildFile; fileRef = 15A51ABA25AB26380070D0FB /* GameView.swift */; };
		15A51ABF25AB26ED0070D0FB /* StatusView.swift in Sources */ = {isa = PBXBuildFile; fileRef = 15A51ABE25AB26ED0070D0FB /* StatusView.swift */; };
		15A51AC225AB291F0070D0FB /* PlayingStatusView.swift in Sources */ = {isa = PBXBuildFile; fileRef = 15A51AC125AB291F0070D0FB /* PlayingStatusView.swift */; };
		15A51AC525AB29BD0070D0FB /* WinnerStatusView.swift in Sources */ = {isa = PBXBuildFile; fileRef = 15A51AC425AB29BD0070D0FB /* WinnerStatusView.swift */; };
/* End PBXBuildFile section */

/* Begin PBXFileReference section */
		15A51A8E25AB07010070D0FB /* TicTacToe.app */ = {isa = PBXFileReference; explicitFileType = wrapper.application; includeInIndex = 0; path = TicTacToe.app; sourceTree = BUILT_PRODUCTS_DIR; };
		15A51A9125AB07010070D0FB /* TicTacToeApp.swift */ = {isa = PBXFileReference; lastKnownFileType = sourcecode.swift; path = TicTacToeApp.swift; sourceTree = "<group>"; };
		15A51A9325AB07020070D0FB /* ContentView.swift */ = {isa = PBXFileReference; lastKnownFileType = sourcecode.swift; path = ContentView.swift; sourceTree = "<group>"; };
		15A51A9525AB07020070D0FB /* Assets.xcassets */ = {isa = PBXFileReference; lastKnownFileType = folder.assetcatalog; path = Assets.xcassets; sourceTree = "<group>"; };
		15A51A9825AB07020070D0FB /* Preview Assets.xcassets */ = {isa = PBXFileReference; lastKnownFileType = folder.assetcatalog; path = "Preview Assets.xcassets"; sourceTree = "<group>"; };
		15A51A9A25AB07020070D0FB /* Info.plist */ = {isa = PBXFileReference; lastKnownFileType = text.plist.xml; path = Info.plist; sourceTree = "<group>"; };
		15A51A9B25AB07020070D0FB /* TicTacToe.entitlements */ = {isa = PBXFileReference; lastKnownFileType = text.plist.entitlements; path = TicTacToe.entitlements; sourceTree = "<group>"; };
		15A51AA425AB075D0070D0FB /* GridView.swift */ = {isa = PBXFileReference; lastKnownFileType = sourcecode.swift; path = GridView.swift; sourceTree = "<group>"; };
		15A51AA825AB07C00070D0FB /* Board.swift */ = {isa = PBXFileReference; lastKnownFileType = sourcecode.swift; path = Board.swift; sourceTree = "<group>"; };
		15A51AAB25AB0AD10070D0FB /* GameLogic.swift */ = {isa = PBXFileReference; lastKnownFileType = sourcecode.swift; path = GameLogic.swift; sourceTree = "<group>"; };
		15A51AAF25AB0E340070D0FB /* PiecesView.swift */ = {isa = PBXFileReference; lastKnownFileType = sourcecode.swift; path = PiecesView.swift; sourceTree = "<group>"; };
		15A51AB725AB15040070D0FB /* SinglePieceView.swift */ = {isa = PBXFileReference; lastKnownFileType = sourcecode.swift; path = SinglePieceView.swift; sourceTree = "<group>"; };
		15A51ABA25AB26380070D0FB /* GameView.swift */ = {isa = PBXFileReference; lastKnownFileType = sourcecode.swift; path = GameView.swift; sourceTree = "<group>"; };
		15A51ABE25AB26ED0070D0FB /* StatusView.swift */ = {isa = PBXFileReference; lastKnownFileType = sourcecode.swift; path = StatusView.swift; sourceTree = "<group>"; };
		15A51AC125AB291F0070D0FB /* PlayingStatusView.swift */ = {isa = PBXFileReference; lastKnownFileType = sourcecode.swift; path = PlayingStatusView.swift; sourceTree = "<group>"; };
		15A51AC425AB29BD0070D0FB /* WinnerStatusView.swift */ = {isa = PBXFileReference; lastKnownFileType = sourcecode.swift; path = WinnerStatusView.swift; sourceTree = "<group>"; };
/* End PBXFileReference section */

/* Begin PBXFrameworksBuildPhase section */
		15A51A8B25AB07010070D0FB /* Frameworks */ = {
			isa = PBXFrameworksBuildPhase;
			buildActionMask = 2147483647;
			files = (
			);
			runOnlyForDeploymentPostprocessing = 0;
		};
/* End PBXFrameworksBuildPhase section */

/* Begin PBXGroup section */
		15A51A8525AB07010070D0FB = {
			isa = PBXGroup;
			children = (
				15A51A9025AB07010070D0FB /* TicTacToe */,
				15A51A8F25AB07010070D0FB /* Products */,
			);
			sourceTree = "<group>";
		};
		15A51A8F25AB07010070D0FB /* Products */ = {
			isa = PBXGroup;
			children = (
				15A51A8E25AB07010070D0FB /* TicTacToe.app */,
			);
			name = Products;
			sourceTree = "<group>";
		};
		15A51A9025AB07010070D0FB /* TicTacToe */ = {
			isa = PBXGroup;
			children = (
				15A51A9125AB07010070D0FB /* TicTacToeApp.swift */,
				15A51AA325AB074C0070D0FB /* Views */,
				15A51AA825AB07C00070D0FB /* Board.swift */,
				15A51AAB25AB0AD10070D0FB /* GameLogic.swift */,
				15A51A9525AB07020070D0FB /* Assets.xcassets */,
				15A51A9A25AB07020070D0FB /* Info.plist */,
				15A51A9B25AB07020070D0FB /* TicTacToe.entitlements */,
				15A51A9725AB07020070D0FB /* Preview Content */,
			);
			path = TicTacToe;
			sourceTree = "<group>";
		};
		15A51A9725AB07020070D0FB /* Preview Content */ = {
			isa = PBXGroup;
			children = (
				15A51A9825AB07020070D0FB /* Preview Assets.xcassets */,
			);
			path = "Preview Content";
			sourceTree = "<group>";
		};
		15A51AA325AB074C0070D0FB /* Views */ = {
			isa = PBXGroup;
			children = (
				15A51A9325AB07020070D0FB /* ContentView.swift */,
				15A51ABA25AB26380070D0FB /* GameView.swift */,
				15A51AA425AB075D0070D0FB /* GridView.swift */,
				15A51AAF25AB0E340070D0FB /* PiecesView.swift */,
				15A51AB725AB15040070D0FB /* SinglePieceView.swift */,
				15A51ABE25AB26ED0070D0FB /* StatusView.swift */,
				15A51AC125AB291F0070D0FB /* PlayingStatusView.swift */,
				15A51AC425AB29BD0070D0FB /* WinnerStatusView.swift */,
			);
			name = Views;
			sourceTree = "<group>";
		};
/* End PBXGroup section */

/* Begin PBXNativeTarget section */
		15A51A8D25AB07010070D0FB /* TicTacToe */ = {
			isa = PBXNativeTarget;
			buildConfigurationList = 15A51A9E25AB07020070D0FB /* Build configuration list for PBXNativeTarget "TicTacToe" */;
			buildPhases = (
				15A51A8A25AB07010070D0FB /* Sources */,
				15A51A8B25AB07010070D0FB /* Frameworks */,
				15A51A8C25AB07010070D0FB /* Resources */,
			);
			buildRules = (
			);
			dependencies = (
			);
			name = TicTacToe;
			productName = TicTacToe;
			productReference = 15A51A8E25AB07010070D0FB /* TicTacToe.app */;
			productType = "com.apple.product-type.application";
		};
/* End PBXNativeTarget section */

/* Begin PBXProject section */
		15A51A8625AB07010070D0FB /* Project object */ = {
			isa = PBXProject;
			attributes = {
				LastSwiftUpdateCheck = 1230;
				LastUpgradeCheck = 1230;
				TargetAttributes = {
					15A51A8D25AB07010070D0FB = {
						CreatedOnToolsVersion = 12.3;
					};
				};
			};
			buildConfigurationList = 15A51A8925AB07010070D0FB /* Build configuration list for PBXProject "TicTacToe" */;
			compatibilityVersion = "Xcode 9.3";
			developmentRegion = en;
			hasScannedForEncodings = 0;
			knownRegions = (
				en,
				Base,
			);
			mainGroup = 15A51A8525AB07010070D0FB;
			productRefGroup = 15A51A8F25AB07010070D0FB /* Products */;
			projectDirPath = "";
			projectRoot = "";
			targets = (
				15A51A8D25AB07010070D0FB /* TicTacToe */,
			);
		};
/* End PBXProject section */

/* Begin PBXResourcesBuildPhase section */
		15A51A8C25AB07010070D0FB /* Resources */ = {
			isa = PBXResourcesBuildPhase;
			buildActionMask = 2147483647;
			files = (
				15A51A9925AB07020070D0FB /* Preview Assets.xcassets in Resources */,
				15A51A9625AB07020070D0FB /* Assets.xcassets in Resources */,
			);
			runOnlyForDeploymentPostprocessing = 0;
		};
/* End PBXResourcesBuildPhase section */

/* Begin PBXSourcesBuildPhase section */
		15A51A8A25AB07010070D0FB /* Sources */ = {
			isa = PBXSourcesBuildPhase;
			buildActionMask = 2147483647;
			files = (
				15A51AB825AB15040070D0FB /* SinglePieceView.swift in Sources */,
				15A51A9425AB07020070D0FB /* ContentView.swift in Sources */,
				15A51AC525AB29BD0070D0FB /* WinnerStatusView.swift in Sources */,
				15A51ABF25AB26ED0070D0FB /* StatusView.swift in Sources */,
				15A51AC225AB291F0070D0FB /* PlayingStatusView.swift in Sources */,
				15A51AA525AB075D0070D0FB /* GridView.swift in Sources */,
				15A51A9225AB07010070D0FB /* TicTacToeApp.swift in Sources */,
				15A51AB025AB0E340070D0FB /* PiecesView.swift in Sources */,
				15A51AAC25AB0AD10070D0FB /* GameLogic.swift in Sources */,
				15A51ABB25AB26380070D0FB /* GameView.swift in Sources */,
				15A51AA925AB07C00070D0FB /* Board.swift in Sources */,
			);
			runOnlyForDeploymentPostprocessing = 0;
		};
/* End PBXSourcesBuildPhase section */

/* Begin XCBuildConfiguration section */
		15A51A9C25AB07020070D0FB /* Debug */ = {
			isa = XCBuildConfiguration;
			buildSettings = {
				ALWAYS_SEARCH_USER_PATHS = NO;
				CLANG_ANALYZER_NONNULL = YES;
				CLANG_ANALYZER_NUMBER_OBJECT_CONVERSION = YES_AGGRESSIVE;
				CLANG_CXX_LANGUAGE_STANDARD = "gnu++14";
				CLANG_CXX_LIBRARY = "libc++";
				CLANG_ENABLE_MODULES = YES;
				CLANG_ENABLE_OBJC_ARC = YES;
				CLANG_ENABLE_OBJC_WEAK = YES;
				CLANG_WARN_BLOCK_CAPTURE_AUTORELEASING = YES;
				CLANG_WARN_BOOL_CONVERSION = YES;
				CLANG_WARN_COMMA = YES;
				CLANG_WARN_CONSTANT_CONVERSION = YES;
				CLANG_WARN_DEPRECATED_OBJC_IMPLEMENTATIONS = YES;
				CLANG_WARN_DIRECT_OBJC_ISA_USAGE = YES_ERROR;
				CLANG_WARN_DOCUMENTATION_COMMENTS = YES;
				CLANG_WARN_EMPTY_BODY = YES;
				CLANG_WARN_ENUM_CONVERSION = YES;
				CLANG_WARN_INFINITE_RECURSION = YES;
				CLANG_WARN_INT_CONVERSION = YES;
				CLANG_WARN_NON_LITERAL_NULL_CONVERSION = YES;
				CLANG_WARN_OBJC_IMPLICIT_RETAIN_SELF = YES;
				CLANG_WARN_OBJC_LITERAL_CONVERSION = YES;
				CLANG_WARN_OBJC_ROOT_CLASS = YES_ERROR;
				CLANG_WARN_QUOTED_INCLUDE_IN_FRAMEWORK_HEADER = YES;
				CLANG_WARN_RANGE_LOOP_ANALYSIS = YES;
				CLANG_WARN_STRICT_PROTOTYPES = YES;
				CLANG_WARN_SUSPICIOUS_MOVE = YES;
				CLANG_WARN_UNGUARDED_AVAILABILITY = YES_AGGRESSIVE;
				CLANG_WARN_UNREACHABLE_CODE = YES;
				CLANG_WARN__DUPLICATE_METHOD_MATCH = YES;
				COPY_PHASE_STRIP = NO;
				DEBUG_INFORMATION_FORMAT = dwarf;
				ENABLE_STRICT_OBJC_MSGSEND = YES;
				ENABLE_TESTABILITY = YES;
				GCC_C_LANGUAGE_STANDARD = gnu11;
				GCC_DYNAMIC_NO_PIC = NO;
				GCC_NO_COMMON_BLOCKS = YES;
				GCC_OPTIMIZATION_LEVEL = 0;
				GCC_PREPROCESSOR_DEFINITIONS = (
					"DEBUG=1",
					"$(inherited)",
				);
				GCC_WARN_64_TO_32_BIT_CONVERSION = YES;
				GCC_WARN_ABOUT_RETURN_TYPE = YES_ERROR;
				GCC_WARN_UNDECLARED_SELECTOR = YES;
				GCC_WARN_UNINITIALIZED_AUTOS = YES_AGGRESSIVE;
				GCC_WARN_UNUSED_FUNCTION = YES;
				GCC_WARN_UNUSED_VARIABLE = YES;
				MACOSX_DEPLOYMENT_TARGET = 11.1;
				MTL_ENABLE_DEBUG_INFO = INCLUDE_SOURCE;
				MTL_FAST_MATH = YES;
				ONLY_ACTIVE_ARCH = YES;
				SDKROOT = macosx;
				SWIFT_ACTIVE_COMPILATION_CONDITIONS = DEBUG;
				SWIFT_OPTIMIZATION_LEVEL = "-Onone";
			};
			name = Debug;
		};
		15A51A9D25AB07020070D0FB /* Release */ = {
			isa = XCBuildConfiguration;
			buildSettings = {
				ALWAYS_SEARCH_USER_PATHS = NO;
				CLANG_ANALYZER_NONNULL = YES;
				CLANG_ANALYZER_NUMBER_OBJECT_CONVERSION = YES_AGGRESSIVE;
				CLANG_CXX_LANGUAGE_STANDARD = "gnu++14";
				CLANG_CXX_LIBRARY = "libc++";
				CLANG_ENABLE_MODULES = YES;
				CLANG_ENABLE_OBJC_ARC = YES;
				CLANG_ENABLE_OBJC_WEAK = YES;
				CLANG_WARN_BLOCK_CAPTURE_AUTORELEASING = YES;
				CLANG_WARN_BOOL_CONVERSION = YES;
				CLANG_WARN_COMMA = YES;
				CLANG_WARN_CONSTANT_CONVERSION = YES;
				CLANG_WARN_DEPRECATED_OBJC_IMPLEMENTATIONS = YES;
				CLANG_WARN_DIRECT_OBJC_ISA_USAGE = YES_ERROR;
				CLANG_WARN_DOCUMENTATION_COMMENTS = YES;
				CLANG_WARN_EMPTY_BODY = YES;
				CLANG_WARN_ENUM_CONVERSION = YES;
				CLANG_WARN_INFINITE_RECURSION = YES;
				CLANG_WARN_INT_CONVERSION = YES;
				CLANG_WARN_NON_LITERAL_NULL_CONVERSION = YES;
				CLANG_WARN_OBJC_IMPLICIT_RETAIN_SELF = YES;
				CLANG_WARN_OBJC_LITERAL_CONVERSION = YES;
				CLANG_WARN_OBJC_ROOT_CLASS = YES_ERROR;
				CLANG_WARN_QUOTED_INCLUDE_IN_FRAMEWORK_HEADER = YES;
				CLANG_WARN_RANGE_LOOP_ANALYSIS = YES;
				CLANG_WARN_STRICT_PROTOTYPES = YES;
				CLANG_WARN_SUSPICIOUS_MOVE = YES;
				CLANG_WARN_UNGUARDED_AVAILABILITY = YES_AGGRESSIVE;
				CLANG_WARN_UNREACHABLE_CODE = YES;
				CLANG_WARN__DUPLICATE_METHOD_MATCH = YES;
				COPY_PHASE_STRIP = NO;
				DEBUG_INFORMATION_FORMAT = "dwarf-with-dsym";
				ENABLE_NS_ASSERTIONS = NO;
				ENABLE_STRICT_OBJC_MSGSEND = YES;
				GCC_C_LANGUAGE_STANDARD = gnu11;
				GCC_NO_COMMON_BLOCKS = YES;
				GCC_WARN_64_TO_32_BIT_CONVERSION = YES;
				GCC_WARN_ABOUT_RETURN_TYPE = YES_ERROR;
				GCC_WARN_UNDECLARED_SELECTOR = YES;
				GCC_WARN_UNINITIALIZED_AUTOS = YES_AGGRESSIVE;
				GCC_WARN_UNUSED_FUNCTION = YES;
				GCC_WARN_UNUSED_VARIABLE = YES;
				MACOSX_DEPLOYMENT_TARGET = 11.1;
				MTL_ENABLE_DEBUG_INFO = NO;
				MTL_FAST_MATH = YES;
				SDKROOT = macosx;
				SWIFT_COMPILATION_MODE = wholemodule;
				SWIFT_OPTIMIZATION_LEVEL = "-O";
			};
			name = Release;
		};
		15A51A9F25AB07020070D0FB /* Debug */ = {
			isa = XCBuildConfiguration;
			buildSettings = {
				ASSETCATALOG_COMPILER_APPICON_NAME = AppIcon;
				ASSETCATALOG_COMPILER_GLOBAL_ACCENT_COLOR_NAME = AccentColor;
				CODE_SIGN_ENTITLEMENTS = TicTacToe/TicTacToe.entitlements;
				CODE_SIGN_STYLE = Automatic;
				COMBINE_HIDPI_IMAGES = YES;
				DEVELOPMENT_ASSET_PATHS = "\"TicTacToe/Preview Content\"";
				DEVELOPMENT_TEAM = 9P8C6ZACEU;
				ENABLE_HARDENED_RUNTIME = YES;
				ENABLE_PREVIEWS = YES;
				INFOPLIST_FILE = TicTacToe/Info.plist;
				LD_RUNPATH_SEARCH_PATHS = (
					"$(inherited)",
					"@executable_path/../Frameworks",
				);
				MACOSX_DEPLOYMENT_TARGET = 11.0;
				PRODUCT_BUNDLE_IDENTIFIER = com.jonathanhuston.TicTacToe;
				PRODUCT_NAME = "$(TARGET_NAME)";
				SWIFT_VERSION = 5.0;
			};
			name = Debug;
		};
		15A51AA025AB07020070D0FB /* Release */ = {
			isa = XCBuildConfiguration;
			buildSettings = {
				ASSETCATALOG_COMPILER_APPICON_NAME = AppIcon;
				ASSETCATALOG_COMPILER_GLOBAL_ACCENT_COLOR_NAME = AccentColor;
				CODE_SIGN_ENTITLEMENTS = TicTacToe/TicTacToe.entitlements;
				CODE_SIGN_STYLE = Automatic;
				COMBINE_HIDPI_IMAGES = YES;
				DEVELOPMENT_ASSET_PATHS = "\"TicTacToe/Preview Content\"";
				DEVELOPMENT_TEAM = 9P8C6ZACEU;
				ENABLE_HARDENED_RUNTIME = YES;
				ENABLE_PREVIEWS = YES;
				INFOPLIST_FILE = TicTacToe/Info.plist;
				LD_RUNPATH_SEARCH_PATHS = (
					"$(inherited)",
					"@executable_path/../Frameworks",
				);
				MACOSX_DEPLOYMENT_TARGET = 11.0;
				PRODUCT_BUNDLE_IDENTIFIER = com.jonathanhuston.TicTacToe;
				PRODUCT_NAME = "$(TARGET_NAME)";
				SWIFT_VERSION = 5.0;
			};
			name = Release;
		};
/* End XCBuildConfiguration section */

/* Begin XCConfigurationList section */
		15A51A8925AB07010070D0FB /* Build configuration list for PBXProject "TicTacToe" */ = {
			isa = XCConfigurationList;
			buildConfigurations = (
				15A51A9C25AB07020070D0FB /* Debug */,
				15A51A9D25AB07020070D0FB /* Release */,
			);
			defaultConfigurationIsVisible = 0;
			defaultConfigurationName = Release;
		};
		15A51A9E25AB07020070D0FB /* Build configuration list for PBXNativeTarget "TicTacToe" */ = {
			isa = XCConfigurationList;
			buildConfigurations = (
				15A51A9F25AB07020070D0FB /* Debug */,
				15A51AA025AB07020070D0FB /* Release */,
			);
			defaultConfigurationIsVisible = 0;
			defaultConfigurationName = Release;
		};
/* End XCConfigurationList section */
	};
	rootObject = 15A51A8625AB07010070D0FB /* Project object */;
}
